
Microsoft Visual Studio Solution File, Format Version 12.00
# Visual Studio 15
VisualStudioVersion = 15.0.27004.2002
MinimumVisualStudioVersion = 10.0.40219.1
Project("{FAE04EC0-301F-11D3-BF4B-00C04F79EFBC}") = "NistFormatter", "NistFormatter\NistFormatter.csproj", "{C8AE1AF3-B41E-4531-84C5-0A29B9422544}"
EndProject
Global
	GlobalSection(SolutionConfigurationPlatforms) = preSolution
		Debug|Any CPU = Debug|Any CPU
		Release|Any CPU = Release|Any CPU
	EndGlobalSection
	GlobalSection(ProjectConfigurationPlatforms) = postSolution
		{C8AE1AF3-B41E-4531-84C5-0A29B9422544}.Debug|Any CPU.ActiveCfg = Debug|Any CPU
		{C8AE1AF3-B41E-4531-84C5-0A29B9422544}.Debug|Any CPU.Build.0 = Debug|Any CPU
		{C8AE1AF3-B41E-4531-84C5-0A29B9422544}.Release|Any CPU.ActiveCfg = Release|Any CPU
		{C8AE1AF3-B41E-4531-84C5-0A29B9422544}.Release|Any CPU.Build.0 = Release|Any CPU
	EndGlobalSection
	GlobalSection(SolutionProperties) = preSolution
		HideSolutionNode = FALSE
	EndGlobalSection
	GlobalSection(ExtensibilityGlobals) = postSolution
		SolutionGuid = {2727797D-991C-4E8F-81D2-8C1B17CB39A6}
	EndGlobalSection
EndGlobal
